
Microsoft Visual Studio Solution File, Format Version 12.00
# Visual Studio Version 16
VisualStudioVersion = 16.0.31729.503
MinimumVisualStudioVersion = 10.0.40219.1
Project("{9A19103F-16F7-4668-BE54-9A1E7A4F7556}") = "GestionEmploye.Common", "GestionEmploye.Common\GestionEmploye.Common.csproj", "{C975090A-4418-4CCC-B933-E8F15BE2BE95}"
EndProject
Project("{9A19103F-16F7-4668-BE54-9A1E7A4F7556}") = "GestionEmploye.DataAccess", "GestionEmploye.DataAccess\GestionEmploye.DataAccess.csproj", "{144558FD-BCF4-490F-83BC-E8324CBEADDD}"
EndProject
Project("{9A19103F-16F7-4668-BE54-9A1E7A4F7556}") = "GestionEmploye.ViewModels", "GestionEmploye.ViewModels\GestionEmploye.ViewModels.csproj", "{68AE4701-9327-4223-B48B-2D435B428DD4}"
EndProject
Project("{9A19103F-16F7-4668-BE54-9A1E7A4F7556}") = "GestionEmploye.WPF", "GestionEmploye.WPF\GestionEmploye.WPF.csproj", "{62D1ABC5-70FE-40A0-AF6D-6CCDB8673850}"
EndProject
Project("{9A19103F-16F7-4668-BE54-9A1E7A4F7556}") = "GestionEmploye.EFcoreDemo", "GestionEmploye.EFcoreDemo\GestionEmploye.EFcoreDemo.csproj", "{0BA59A35-13B4-4ABF-830E-79D6465C4D6E}"
EndProject
Global
	GlobalSection(SolutionConfigurationPlatforms) = preSolution
		Debug|Any CPU = Debug|Any CPU
		Debug|arm64 = Debug|arm64
		Debug|x64 = Debug|x64
		Debug|x86 = Debug|x86
		Release|Any CPU = Release|Any CPU
		Release|arm64 = Release|arm64
		Release|x64 = Release|x64
		Release|x86 = Release|x86
	EndGlobalSection
	GlobalSection(ProjectConfigurationPlatforms) = postSolution
		{C975090A-4418-4CCC-B933-E8F15BE2BE95}.Debug|Any CPU.ActiveCfg = Debug|Any CPU
		{C975090A-4418-4CCC-B933-E8F15BE2BE95}.Debug|Any CPU.Build.0 = Debug|Any CPU
		{C975090A-4418-4CCC-B933-E8F15BE2BE95}.Debug|arm64.ActiveCfg = Debug|Any CPU
		{C975090A-4418-4CCC-B933-E8F15BE2BE95}.Debug|arm64.Build.0 = Debug|Any CPU
		{C975090A-4418-4CCC-B933-E8F15BE2BE95}.Debug|x64.ActiveCfg = Debug|Any CPU
		{C975090A-4418-4CCC-B933-E8F15BE2BE95}.Debug|x64.Build.0 = Debug|Any CPU
		{C975090A-4418-4CCC-B933-E8F15BE2BE95}.Debug|x86.ActiveCfg = Debug|Any CPU
		{C975090A-4418-4CCC-B933-E8F15BE2BE95}.Debug|x86.Build.0 = Debug|Any CPU
		{C975090A-4418-4CCC-B933-E8F15BE2BE95}.Release|Any CPU.ActiveCfg = Release|Any CPU
		{C975090A-4418-4CCC-B933-E8F15BE2BE95}.Release|Any CPU.Build.0 = Release|Any CPU
		{C975090A-4418-4CCC-B933-E8F15BE2BE95}.Release|arm64.ActiveCfg = Release|Any CPU
		{C975090A-4418-4CCC-B933-E8F15BE2BE95}.Release|arm64.Build.0 = Release|Any CPU
		{C975090A-4418-4CCC-B933-E8F15BE2BE95}.Release|x64.ActiveCfg = Release|Any CPU
		{C975090A-4418-4CCC-B933-E8F15BE2BE95}.Release|x64.Build.0 = Release|Any CPU
		{C975090A-4418-4CCC-B933-E8F15BE2BE95}.Release|x86.ActiveCfg = Release|Any CPU
		{C975090A-4418-4CCC-B933-E8F15BE2BE95}.Release|x86.Build.0 = Release|Any CPU
		{144558FD-BCF4-490F-83BC-E8324CBEADDD}.Debug|Any CPU.ActiveCfg = Debug|Any CPU
		{144558FD-BCF4-490F-83BC-E8324CBEADDD}.Debug|Any CPU.Build.0 = Debug|Any CPU
		{144558FD-BCF4-490F-83BC-E8324CBEADDD}.Debug|arm64.ActiveCfg = Debug|Any CPU
		{144558FD-BCF4-490F-83BC-E8324CBEADDD}.Debug|arm64.Build.0 = Debug|Any CPU
		{144558FD-BCF4-490F-83BC-E8324CBEADDD}.Debug|x64.ActiveCfg = Debug|Any CPU
		{144558FD-BCF4-490F-83BC-E8324CBEADDD}.Debug|x64.Build.0 = Debug|Any CPU
		{144558FD-BCF4-490F-83BC-E8324CBEADDD}.Debug|x86.ActiveCfg = Debug|Any CPU
		{144558FD-BCF4-490F-83BC-E8324CBEADDD}.Debug|x86.Build.0 = Debug|Any CPU
		{144558FD-BCF4-490F-83BC-E8324CBEADDD}.Release|Any CPU.ActiveCfg = Release|Any CPU
		{144558FD-BCF4-490F-83BC-E8324CBEADDD}.Release|Any CPU.Build.0 = Release|Any CPU
		{144558FD-BCF4-490F-83BC-E8324CBEADDD}.Release|arm64.ActiveCfg = Release|Any CPU
		{144558FD-BCF4-490F-83BC-E8324CBEADDD}.Release|arm64.Build.0 = Release|Any CPU
		{144558FD-BCF4-490F-83BC-E8324CBEADDD}.Release|x64.ActiveCfg = Release|Any CPU
		{144558FD-BCF4-490F-83BC-E8324CBEADDD}.Release|x64.Build.0 = Release|Any CPU
		{144558FD-BCF4-490F-83BC-E8324CBEADDD}.Release|x86.ActiveCfg = Release|Any CPU
		{144558FD-BCF4-490F-83BC-E8324CBEADDD}.Release|x86.Build.0 = Release|Any CPU
		{68AE4701-9327-4223-B48B-2D435B428DD4}.Debug|Any CPU.ActiveCfg = Debug|Any CPU
		{68AE4701-9327-4223-B48B-2D435B428DD4}.Debug|Any CPU.Build.0 = Debug|Any CPU
		{68AE4701-9327-4223-B48B-2D435B428DD4}.Debug|arm64.ActiveCfg = Debug|Any CPU
		{68AE4701-9327-4223-B48B-2D435B428DD4}.Debug|arm64.Build.0 = Debug|Any CPU
		{68AE4701-9327-4223-B48B-2D435B428DD4}.Debug|x64.ActiveCfg = Debug|Any CPU
		{68AE4701-9327-4223-B48B-2D435B428DD4}.Debug|x64.Build.0 = Debug|Any CPU
		{68AE4701-9327-4223-B48B-2D435B428DD4}.Debug|x86.ActiveCfg = Debug|Any CPU
		{68AE4701-9327-4223-B48B-2D435B428DD4}.Debug|x86.Build.0 = Debug|Any CPU
		{68AE4701-9327-4223-B48B-2D435B428DD4}.Release|Any CPU.ActiveCfg = Release|Any CPU
		{68AE4701-9327-4223-B48B-2D435B428DD4}.Release|Any CPU.Build.0 = Release|Any CPU
		{68AE4701-9327-4223-B48B-2D435B428DD4}.Release|arm64.ActiveCfg = Release|Any CPU
		{68AE4701-9327-4223-B48B-2D435B428DD4}.Release|arm64.Build.0 = Release|Any CPU
		{68AE4701-9327-4223-B48B-2D435B428DD4}.Release|x64.ActiveCfg = Release|Any CPU
		{68AE4701-9327-4223-B48B-2D435B428DD4}.Release|x64.Build.0 = Release|Any CPU
		{68AE4701-9327-4223-B48B-2D435B428DD4}.Release|x86.ActiveCfg = Release|Any CPU
		{68AE4701-9327-4223-B48B-2D435B428DD4}.Release|x86.Build.0 = Release|Any CPU
		{62D1ABC5-70FE-40A0-AF6D-6CCDB8673850}.Debug|Any CPU.ActiveCfg = Debug|Any CPU
		{62D1ABC5-70FE-40A0-AF6D-6CCDB8673850}.Debug|Any CPU.Build.0 = Debug|Any CPU
		{62D1ABC5-70FE-40A0-AF6D-6CCDB8673850}.Debug|arm64.ActiveCfg = Debug|Any CPU
		{62D1ABC5-70FE-40A0-AF6D-6CCDB8673850}.Debug|arm64.Build.0 = Debug|Any CPU
		{62D1ABC5-70FE-40A0-AF6D-6CCDB8673850}.Debug|x64.ActiveCfg = Debug|Any CPU
		{62D1ABC5-70FE-40A0-AF6D-6CCDB8673850}.Debug|x64.Build.0 = Debug|Any CPU
		{62D1ABC5-70FE-40A0-AF6D-6CCDB8673850}.Debug|x86.ActiveCfg = Debug|Any CPU
		{62D1ABC5-70FE-40A0-AF6D-6CCDB8673850}.Debug|x86.Build.0 = Debug|Any CPU
		{62D1ABC5-70FE-40A0-AF6D-6CCDB8673850}.Release|Any CPU.ActiveCfg = Release|Any CPU
		{62D1ABC5-70FE-40A0-AF6D-6CCDB8673850}.Release|Any CPU.Build.0 = Release|Any CPU
		{62D1ABC5-70FE-40A0-AF6D-6CCDB8673850}.Release|arm64.ActiveCfg = Release|Any CPU
		{62D1ABC5-70FE-40A0-AF6D-6CCDB8673850}.Release|arm64.Build.0 = Release|Any CPU
		{62D1ABC5-70FE-40A0-AF6D-6CCDB8673850}.Release|x64.ActiveCfg = Release|Any CPU
		{62D1ABC5-70FE-40A0-AF6D-6CCDB8673850}.Release|x64.Build.0 = Release|Any CPU
		{62D1ABC5-70FE-40A0-AF6D-6CCDB8673850}.Release|x86.ActiveCfg = Release|Any CPU
		{62D1ABC5-70FE-40A0-AF6D-6CCDB8673850}.Release|x86.Build.0 = Release|Any CPU
		{0BA59A35-13B4-4ABF-830E-79D6465C4D6E}.Debug|Any CPU.ActiveCfg = Debug|Any CPU
		{0BA59A35-13B4-4ABF-830E-79D6465C4D6E}.Debug|Any CPU.Build.0 = Debug|Any CPU
		{0BA59A35-13B4-4ABF-830E-79D6465C4D6E}.Debug|arm64.ActiveCfg = Debug|Any CPU
		{0BA59A35-13B4-4ABF-830E-79D6465C4D6E}.Debug|arm64.Build.0 = Debug|Any CPU
		{0BA59A35-13B4-4ABF-830E-79D6465C4D6E}.Debug|x64.ActiveCfg = Debug|Any CPU
		{0BA59A35-13B4-4ABF-830E-79D6465C4D6E}.Debug|x64.Build.0 = Debug|Any CPU
		{0BA59A35-13B4-4ABF-830E-79D6465C4D6E}.Debug|x86.ActiveCfg = Debug|Any CPU
		{0BA59A35-13B4-4ABF-830E-79D6465C4D6E}.Debug|x86.Build.0 = Debug|Any CPU
		{0BA59A35-13B4-4ABF-830E-79D6465C4D6E}.Release|Any CPU.ActiveCfg = Release|Any CPU
		{0BA59A35-13B4-4ABF-830E-79D6465C4D6E}.Release|Any CPU.Build.0 = Release|Any CPU
		{0BA59A35-13B4-4ABF-830E-79D6465C4D6E}.Release|arm64.ActiveCfg = Release|Any CPU
		{0BA59A35-13B4-4ABF-830E-79D6465C4D6E}.Release|arm64.Build.0 = Release|Any CPU
		{0BA59A35-13B4-4ABF-830E-79D6465C4D6E}.Release|x64.ActiveCfg = Release|Any CPU
		{0BA59A35-13B4-4ABF-830E-79D6465C4D6E}.Release|x64.Build.0 = Release|Any CPU
		{0BA59A35-13B4-4ABF-830E-79D6465C4D6E}.Release|x86.ActiveCfg = Release|Any CPU
		{0BA59A35-13B4-4ABF-830E-79D6465C4D6E}.Release|x86.Build.0 = Release|Any CPU
	EndGlobalSection
	GlobalSection(SolutionProperties) = preSolution
		HideSolutionNode = FALSE
	EndGlobalSection
	GlobalSection(ExtensibilityGlobals) = postSolution
		SolutionGuid = {F2BF7B59-D354-43D4-A6AB-5A9A19BB10CB}
	EndGlobalSection
EndGlobal
